
Microsoft Visual Studio Solution File, Format Version 12.00
# Visual Studio Version 17
VisualStudioVersion = 17.7.34031.279
MinimumVisualStudioVersion = 10.0.40219.1
Project("{FAE04EC0-301F-11D3-BF4B-00C04F79EFBC}") = "PdfMerge", "PdfMerge.csproj", "{43A835B6-F7B5-48A1-9DA8-707434349AEA}"
EndProject
Global
	GlobalSection(SolutionConfigurationPlatforms) = preSolution
		Debug|Any CPU = Debug|Any CPU
		Release|Any CPU = Release|Any CPU
	EndGlobalSection
	GlobalSection(ProjectConfigurationPlatforms) = postSolution
		{43A835B6-F7B5-48A1-9DA8-707434349AEA}.Debug|Any CPU.ActiveCfg = Debug|Any CPU
		{43A835B6-F7B5-48A1-9DA8-707434349AEA}.Debug|Any CPU.Build.0 = Debug|Any CPU
		{43A835B6-F7B5-48A1-9DA8-707434349AEA}.Release|Any CPU.ActiveCfg = Release|Any CPU
		{43A835B6-F7B5-48A1-9DA8-707434349AEA}.Release|Any CPU.Build.0 = Release|Any CPU
	EndGlobalSection
	GlobalSection(SolutionProperties) = preSolution
		HideSolutionNode = FALSE
	EndGlobalSection
	GlobalSection(ExtensibilityGlobals) = postSolution
		SolutionGuid = {426D53EF-75C4-4ED9-8919-191B64669D23}
	EndGlobalSection
EndGlobal
